// !$*UTF8*$!
{
	archiveVersion = 1;
	classes = {
	};
	objectVersion = 46;
	objects = {

/* Begin PBXBuildFile section */
		831460DF1BB00E9C006E1139 /* main.cpp in Sources */ = {isa = PBXBuildFile; fileRef = 831460DE1BB00E9C006E1139 /* main.cpp */; };
		83D636421BB433EC002DE0CA /* lz4.c in Sources */ = {isa = PBXBuildFile; fileRef = 83D6363F1BB433EC002DE0CA /* lz4.c */; };
		83D636431BB433EC002DE0CA /* README.md in Sources */ = {isa = PBXBuildFile; fileRef = 83D636411BB433EC002DE0CA /* README.md */; };
/* End PBXBuildFile section */

/* Begin PBXCopyFilesBuildPhase section */
		831460D91BB00E9C006E1139 /* CopyFiles */ = {
			isa = PBXCopyFilesBuildPhase;
			buildActionMask = 2147483647;
			dstPath = /usr/share/man/man1/;
			dstSubfolderSpec = 0;
			files = (
			);
			runOnlyForDeploymentPostprocessing = 1;
		};
/* End PBXCopyFilesBuildPhase section */

/* Begin PBXFileReference section */
		831460DB1BB00E9C006E1139 /* DistanceFieldMaker */ = {isa = PBXFileReference; explicitFileType = "compiled.mach-o.executable"; includeInIndex = 0; path = DistanceFieldMaker; sourceTree = BUILT_PRODUCTS_DIR; };
		831460DE1BB00E9C006E1139 /* main.cpp */ = {isa = PBXFileReference; lastKnownFileType = sourcecode.cpp.cpp; path = main.cpp; sourceTree = "<group>"; };
		83D6363F1BB433EC002DE0CA /* lz4.c */ = {isa = PBXFileReference; fileEncoding = 4; lastKnownFileType = sourcecode.c.c; path = lz4.c; sourceTree = "<group>"; };
		83D636401BB433EC002DE0CA /* lz4.h */ = {isa = PBXFileReference; fileEncoding = 4; lastKnownFileType = sourcecode.c.h; path = lz4.h; sourceTree = "<group>"; };
		83D636411BB433EC002DE0CA /* README.md */ = {isa = PBXFileReference; fileEncoding = 4; lastKnownFileType = net.daringfireball.markdown; path = README.md; sourceTree = "<group>"; };
/* End PBXFileReference section */

/* Begin PBXFrameworksBuildPhase section */
		831460D81BB00E9C006E1139 /* Frameworks */ = {
			isa = PBXFrameworksBuildPhase;
			buildActionMask = 2147483647;
			files = (
			);
			runOnlyForDeploymentPostprocessing = 0;
		};
/* End PBXFrameworksBuildPhase section */

/* Begin PBXGroup section */
		831460D21BB00E9C006E1139 = {
			isa = PBXGroup;
			children = (
				831460DD1BB00E9C006E1139 /* DistanceFieldMaker */,
				831460DC1BB00E9C006E1139 /* Products */,
			);
			sourceTree = "<group>";
		};
		831460DC1BB00E9C006E1139 /* Products */ = {
			isa = PBXGroup;
			children = (
				831460DB1BB00E9C006E1139 /* DistanceFieldMaker */,
			);
			name = Products;
			sourceTree = "<group>";
		};
		831460DD1BB00E9C006E1139 /* DistanceFieldMaker */ = {
			isa = PBXGroup;
			children = (
				83D6363F1BB433EC002DE0CA /* lz4.c */,
				83D636401BB433EC002DE0CA /* lz4.h */,
				83D636411BB433EC002DE0CA /* README.md */,
				831460DE1BB00E9C006E1139 /* main.cpp */,
			);
			path = DistanceFieldMaker;
			sourceTree = "<group>";
		};
/* End PBXGroup section */

/* Begin PBXNativeTarget section */
		831460DA1BB00E9C006E1139 /* DistanceFieldMaker */ = {
			isa = PBXNativeTarget;
			buildConfigurationList = 831460E21BB00E9C006E1139 /* Build configuration list for PBXNativeTarget "DistanceFieldMaker" */;
			buildPhases = (
				831460D71BB00E9C006E1139 /* Sources */,
				831460D81BB00E9C006E1139 /* Frameworks */,
				831460D91BB00E9C006E1139 /* CopyFiles */,
			);
			buildRules = (
			);
			dependencies = (
			);
			name = DistanceFieldMaker;
			productName = DistanceFieldMaker;
			productReference = 831460DB1BB00E9C006E1139 /* DistanceFieldMaker */;
			productType = "com.apple.product-type.tool";
		};
/* End PBXNativeTarget section */

/* Begin PBXProject section */
		831460D31BB00E9C006E1139 /* Project object */ = {
			isa = PBXProject;
			attributes = {
				LastUpgradeCheck = 0630;
				ORGANIZATIONNAME = "Jakub Vlk";
				TargetAttributes = {
					831460DA1BB00E9C006E1139 = {
						CreatedOnToolsVersion = 6.3.2;
					};
				};
			};
			buildConfigurationList = 831460D61BB00E9C006E1139 /* Build configuration list for PBXProject "DistanceFieldMaker" */;
			compatibilityVersion = "Xcode 3.2";
			developmentRegion = English;
			hasScannedForEncodings = 0;
			knownRegions = (
				en,
			);
			mainGroup = 831460D21BB00E9C006E1139;
			productRefGroup = 831460DC1BB00E9C006E1139 /* Products */;
			projectDirPath = "";
			projectRoot = "";
			targets = (
				831460DA1BB00E9C006E1139 /* DistanceFieldMaker */,
			);
		};
/* End PBXProject section */

/* Begin PBXSourcesBuildPhase section */
		831460D71BB00E9C006E1139 /* Sources */ = {
			isa = PBXSourcesBuildPhase;
			buildActionMask = 2147483647;
			files = (
				83D636431BB433EC002DE0CA /* README.md in Sources */,
				83D636421BB433EC002DE0CA /* lz4.c in Sources */,
				831460DF1BB00E9C006E1139 /* main.cpp in Sources */,
			);
			runOnlyForDeploymentPostprocessing = 0;
		};
/* End PBXSourcesBuildPhase section */

/* Begin XCBuildConfiguration section */
		831460E01BB00E9C006E1139 /* Debug */ = {
			isa = XCBuildConfiguration;
			buildSettings = {
				ALWAYS_SEARCH_USER_PATHS = NO;
				CLANG_CXX_LANGUAGE_STANDARD = "gnu++0x";
				CLANG_CXX_LIBRARY = "libc++";
				CLANG_ENABLE_MODULES = YES;
				CLANG_ENABLE_OBJC_ARC = YES;
				CLANG_WARN_BOOL_CONVERSION = YES;
				CLANG_WARN_CONSTANT_CONVERSION = YES;
				CLANG_WARN_DIRECT_OBJC_ISA_USAGE = YES_ERROR;
				CLANG_WARN_EMPTY_BODY = YES;
				CLANG_WARN_ENUM_CONVERSION = YES;
				CLANG_WARN_INT_CONVERSION = YES;
				CLANG_WARN_OBJC_ROOT_CLASS = YES_ERROR;
				CLANG_WARN_UNREACHABLE_CODE = YES;
				CLANG_WARN__DUPLICATE_METHOD_MATCH = YES;
				COPY_PHASE_STRIP = NO;
				DEBUG_INFORMATION_FORMAT = dwarf;
				ENABLE_STRICT_OBJC_MSGSEND = YES;
				GCC_C_LANGUAGE_STANDARD = gnu99;
				GCC_DYNAMIC_NO_PIC = NO;
				GCC_NO_COMMON_BLOCKS = YES;
				GCC_OPTIMIZATION_LEVEL = 0;
				GCC_PREPROCESSOR_DEFINITIONS = (
					"DEBUG=1",
					"$(inherited)",
				);
				GCC_SYMBOLS_PRIVATE_EXTERN = NO;
				GCC_WARN_64_TO_32_BIT_CONVERSION = YES;
				GCC_WARN_ABOUT_RETURN_TYPE = YES_ERROR;
				GCC_WARN_UNDECLARED_SELECTOR = YES;
				GCC_WARN_UNINITIALIZED_AUTOS = YES_AGGRESSIVE;
				GCC_WARN_UNUSED_FUNCTION = YES;
				GCC_WARN_UNUSED_VARIABLE = YES;
				LIBRARY_SEARCH_PATHS = "$(SRCROOT)/libs";
				MACOSX_DEPLOYMENT_TARGET = 10.10;
				MTL_ENABLE_DEBUG_INFO = YES;
				ONLY_ACTIVE_ARCH = YES;
				SDKROOT = macosx;
			};
			name = Debug;
		};
		831460E11BB00E9C006E1139 /* Release */ = {
			isa = XCBuildConfiguration;
			buildSettings = {
				ALWAYS_SEARCH_USER_PATHS = NO;
				CLANG_CXX_LANGUAGE_STANDARD = "gnu++0x";
				CLANG_CXX_LIBRARY = "libc++";
				CLANG_ENABLE_MODULES = YES;
				CLANG_ENABLE_OBJC_ARC = YES;
				CLANG_WARN_BOOL_CONVERSION = YES;
				CLANG_WARN_CONSTANT_CONVERSION = YES;
				CLANG_WARN_DIRECT_OBJC_ISA_USAGE = YES_ERROR;
				CLANG_WARN_EMPTY_BODY = YES;
				CLANG_WARN_ENUM_CONVERSION = YES;
				CLANG_WARN_INT_CONVERSION = YES;
				CLANG_WARN_OBJC_ROOT_CLASS = YES_ERROR;
				CLANG_WARN_UNREACHABLE_CODE = YES;
				CLANG_WARN__DUPLICATE_METHOD_MATCH = YES;
				COPY_PHASE_STRIP = NO;
				DEBUG_INFORMATION_FORMAT = "dwarf-with-dsym";
				ENABLE_NS_ASSERTIONS = NO;
				ENABLE_STRICT_OBJC_MSGSEND = YES;
				GCC_C_LANGUAGE_STANDARD = gnu99;
				GCC_NO_COMMON_BLOCKS = YES;
				GCC_WARN_64_TO_32_BIT_CONVERSION = YES;
				GCC_WARN_ABOUT_RETURN_TYPE = YES_ERROR;
				GCC_WARN_UNDECLARED_SELECTOR = YES;
				GCC_WARN_UNINITIALIZED_AUTOS = YES_AGGRESSIVE;
				GCC_WARN_UNUSED_FUNCTION = YES;
				GCC_WARN_UNUSED_VARIABLE = YES;
				LIBRARY_SEARCH_PATHS = "$(SRCROOT)/libs";
				MACOSX_DEPLOYMENT_TARGET = 10.10;
				MTL_ENABLE_DEBUG_INFO = NO;
				SDKROOT = macosx;
			};
			name = Release;
		};
		831460E31BB00E9C006E1139 /* Debug */ = {
			isa = XCBuildConfiguration;
			buildSettings = {
				HEADER_SEARCH_PATHS = (
					"$(inherited)",
					/Applications/Xcode.app/Contents/Developer/Toolchains/XcodeDefault.xctoolchain/usr/include,
				);
				"HEADER_SEARCH_PATHS[arch=*]" = (
					"$(inherited)",
					/Applications/Xcode.app/Contents/Developer/Toolchains/XcodeDefault.xctoolchain/usr/include,
				);
				LIBRARY_SEARCH_PATHS = "$(SRCROOT)/libs";
				PRODUCT_NAME = "$(TARGET_NAME)";
				SDKROOT = macosx;
				USER_HEADER_SEARCH_PATHS = "$(SRCROOT)/snappy-master";
				VALID_ARCHS = x86_64;
			};
			name = Debug;
		};
		831460E41BB00E9C006E1139 /* Release */ = {
			isa = XCBuildConfiguration;
			buildSettings = {
				LIBRARY_SEARCH_PATHS = "$(SRCROOT)/libs";
				PRODUCT_NAME = "$(TARGET_NAME)";
				SDKROOT = macosx;
				USER_HEADER_SEARCH_PATHS = "$(SRCROOT)/snappy-master";
				VALID_ARCHS = x86_64;
			};
			name = Release;
		};
/* End XCBuildConfiguration section */

/* Begin XCConfigurationList section */
		831460D61BB00E9C006E1139 /* Build configuration list for PBXProject "DistanceFieldMaker" */ = {
			isa = XCConfigurationList;
			buildConfigurations = (
				831460E01BB00E9C006E1139 /* Debug */,
				831460E11BB00E9C006E1139 /* Release */,
			);
			defaultConfigurationIsVisible = 0;
			defaultConfigurationName = Release;
		};
		831460E21BB00E9C006E1139 /* Build configuration list for PBXNativeTarget "DistanceFieldMaker" */ = {
			isa = XCConfigurationList;
			buildConfigurations = (
				831460E31BB00E9C006E1139 /* Debug */,
				831460E41BB00E9C006E1139 /* Release */,
			);
			defaultConfigurationIsVisible = 0;
			defaultConfigurationName = Release;
		};
/* End XCConfigurationList section */
	};
	rootObject = 831460D31BB00E9C006E1139 /* Project object */;
}
